
Microsoft Visual Studio Solution File, Format Version 12.00
# Visual Studio Version 17
VisualStudioVersion = 17.8.34525.116
MinimumVisualStudioVersion = 10.0.40219.1
Project("{FAE04EC0-301F-11D3-BF4B-00C04F79EFBC}") = "BucStop_API", "BucStop_API\BucStop_API.csproj", "{D8E533E5-3111-483D-94AE-F3130FE8C1C9}"
EndProject
Global
	GlobalSection(SolutionConfigurationPlatforms) = preSolution
		Debug|Any CPU = Debug|Any CPU
		Release|Any CPU = Release|Any CPU
	EndGlobalSection
	GlobalSection(ProjectConfigurationPlatforms) = postSolution
		{D8E533E5-3111-483D-94AE-F3130FE8C1C9}.Debug|Any CPU.ActiveCfg = Debug|Any CPU
		{D8E533E5-3111-483D-94AE-F3130FE8C1C9}.Debug|Any CPU.Build.0 = Debug|Any CPU
		{D8E533E5-3111-483D-94AE-F3130FE8C1C9}.Release|Any CPU.ActiveCfg = Release|Any CPU
		{D8E533E5-3111-483D-94AE-F3130FE8C1C9}.Release|Any CPU.Build.0 = Release|Any CPU
	EndGlobalSection
	GlobalSection(SolutionProperties) = preSolution
		HideSolutionNode = FALSE
	EndGlobalSection
	GlobalSection(ExtensibilityGlobals) = postSolution
		SolutionGuid = {EE870E9F-85FB-482F-B976-2485E76340C8}
	EndGlobalSection
EndGlobal
